
Microsoft Visual Studio Solution File, Format Version 12.00
# Visual Studio Version 17
VisualStudioVersion = 17.10.35027.167
MinimumVisualStudioVersion = 10.0.40219.1
Project("{9A19103F-16F7-4668-BE54-9A1E7A4F7556}") = "FratagoniaUI.OSS", "FratagoniaUI.OSS\FratagoniaUI.OSS.csproj", "{679F0C21-B6DD-4026-88BC-893618556DF1}"
EndProject
Project("{FAE04EC0-301F-11D3-BF4B-00C04F79EFBC}") = "UniProgressBarControl", "UniProgressBarControl\UniProgressBarControl.csproj", "{BC75689E-A2C6-4164-8641-6338DDD7CB69}"
EndProject
Global
	GlobalSection(SolutionConfigurationPlatforms) = preSolution
		Debug|Any CPU = Debug|Any CPU
		Release|Any CPU = Release|Any CPU
	EndGlobalSection
	GlobalSection(ProjectConfigurationPlatforms) = postSolution
		{679F0C21-B6DD-4026-88BC-893618556DF1}.Debug|Any CPU.ActiveCfg = Debug|Any CPU
		{679F0C21-B6DD-4026-88BC-893618556DF1}.Debug|Any CPU.Build.0 = Debug|Any CPU
		{679F0C21-B6DD-4026-88BC-893618556DF1}.Release|Any CPU.ActiveCfg = Release|Any CPU
		{679F0C21-B6DD-4026-88BC-893618556DF1}.Release|Any CPU.Build.0 = Release|Any CPU
		{BC75689E-A2C6-4164-8641-6338DDD7CB69}.Debug|Any CPU.ActiveCfg = Debug|Any CPU
		{BC75689E-A2C6-4164-8641-6338DDD7CB69}.Debug|Any CPU.Build.0 = Debug|Any CPU
		{BC75689E-A2C6-4164-8641-6338DDD7CB69}.Release|Any CPU.ActiveCfg = Release|Any CPU
		{BC75689E-A2C6-4164-8641-6338DDD7CB69}.Release|Any CPU.Build.0 = Release|Any CPU
	EndGlobalSection
	GlobalSection(SolutionProperties) = preSolution
		HideSolutionNode = FALSE
	EndGlobalSection
	GlobalSection(ExtensibilityGlobals) = postSolution
		SolutionGuid = {27ECF0B0-220A-4DDE-9D2B-525C5AA5BEEB}
	EndGlobalSection
EndGlobal
